dependencies:
- name: infrastructure
  repository: https://activiti.github.io/activiti-cloud-helm-charts/
  version: 0.0.5
- name: application
  repository: https://activiti.github.io/activiti-cloud-helm-charts/
  version: 0.0.49
- name: activiti-cloud-modeling
  repository: https://activiti.github.io/activiti-cloud-helm-charts/
  version: 7.0.9
digest: sha256:a7b181e0f5558ad8962a588b302030d0b33c0161b88fd392045975a943a24f18
generated: 2019-01-04T11:11:35.405132105Z
